
Microsoft Visual Studio Solution File, Format Version 12.00
# Visual Studio Version 17
VisualStudioVersion = 17.1.32210.238
MinimumVisualStudioVersion = 10.0.40219.1
Project("{FAE04EC0-301F-11D3-BF4B-00C04F79EFBC}") = "campeonatoFutebol", "campeonatoFutebol\campeonatoFutebol.csproj", "{DE076A42-F626-455F-8E7D-D5FD65C1AECA}"
EndProject
Global
	GlobalSection(SolutionConfigurationPlatforms) = preSolution
		Debug|Any CPU = Debug|Any CPU
		Release|Any CPU = Release|Any CPU
	EndGlobalSection
	GlobalSection(ProjectConfigurationPlatforms) = postSolution
		{DE076A42-F626-455F-8E7D-D5FD65C1AECA}.Debug|Any CPU.ActiveCfg = Debug|Any CPU
		{DE076A42-F626-455F-8E7D-D5FD65C1AECA}.Debug|Any CPU.Build.0 = Debug|Any CPU
		{DE076A42-F626-455F-8E7D-D5FD65C1AECA}.Release|Any CPU.ActiveCfg = Release|Any CPU
		{DE076A42-F626-455F-8E7D-D5FD65C1AECA}.Release|Any CPU.Build.0 = Release|Any CPU
	EndGlobalSection
	GlobalSection(SolutionProperties) = preSolution
		HideSolutionNode = FALSE
	EndGlobalSection
	GlobalSection(ExtensibilityGlobals) = postSolution
		SolutionGuid = {D86A385D-7AF6-43DF-96CB-E9B481A82D13}
	EndGlobalSection
EndGlobal
